// !$*UTF8*$!
{
	archiveVersion = 1;
	classes = {
	};
	objectVersion = 46;
	objects = {

/* Begin PBXBuildFile section */
		282762B51A0AA38E000A8DB9 /* CloudKit.framework in Frameworks */ = {isa = PBXBuildFile; fileRef = 282762B41A0AA38E000A8DB9 /* CloudKit.framework */; };
		283F2A9A1A0AE36D00DBE1E5 /* StringExtension.swift in Sources */ = {isa = PBXBuildFile; fileRef = 283F2A991A0AE36D00DBE1E5 /* StringExtension.swift */; };
		284DD23F1A0810BE00457DC8 /* AppDelegate.swift in Sources */ = {isa = PBXBuildFile; fileRef = 284DD23E1A0810BE00457DC8 /* AppDelegate.swift */; };
		284DD2421A0810BE00457DC8 /* MyLocations.xcdatamodeld in Sources */ = {isa = PBXBuildFile; fileRef = 284DD2401A0810BE00457DC8 /* MyLocations.xcdatamodeld */; };
		284DD2471A0810BE00457DC8 /* Main.storyboard in Resources */ = {isa = PBXBuildFile; fileRef = 284DD2451A0810BE00457DC8 /* Main.storyboard */; };
		284DD2491A0810BE00457DC8 /* Images.xcassets in Resources */ = {isa = PBXBuildFile; fileRef = 284DD2481A0810BE00457DC8 /* Images.xcassets */; };
		284DD24C1A0810BE00457DC8 /* LaunchScreen.xib in Resources */ = {isa = PBXBuildFile; fileRef = 284DD24A1A0810BE00457DC8 /* LaunchScreen.xib */; };
		284DD2581A0810BE00457DC8 /* MyLocationsTests.swift in Sources */ = {isa = PBXBuildFile; fileRef = 284DD2571A0810BE00457DC8 /* MyLocationsTests.swift */; };
		284DD2621A08110600457DC8 /* MapKit.framework in Frameworks */ = {isa = PBXBuildFile; fileRef = 284DD2611A08110600457DC8 /* MapKit.framework */; };
		284DD2641A08112100457DC8 /* MapViewController.swift in Sources */ = {isa = PBXBuildFile; fileRef = 284DD2631A08112100457DC8 /* MapViewController.swift */; };
		284DD2661A08113000457DC8 /* LocationListViewController.swift in Sources */ = {isa = PBXBuildFile; fileRef = 284DD2651A08113000457DC8 /* LocationListViewController.swift */; };
		284DD2681A081C2800457DC8 /* LocationDetailViewController.swift in Sources */ = {isa = PBXBuildFile; fileRef = 284DD2671A081C2800457DC8 /* LocationDetailViewController.swift */; };
		289AC26A1A0D2D8F003AB3A6 /* LocationPresentationViewController.swift in Sources */ = {isa = PBXBuildFile; fileRef = 289AC2691A0D2D8F003AB3A6 /* LocationPresentationViewController.swift */; };
		28C2AA251A0981F700C5EDAF /* Reminder.swift in Sources */ = {isa = PBXBuildFile; fileRef = 28C2AA241A0981F700C5EDAF /* Reminder.swift */; };
/* End PBXBuildFile section */

/* Begin PBXContainerItemProxy section */
		284DD2521A0810BE00457DC8 /* PBXContainerItemProxy */ = {
			isa = PBXContainerItemProxy;
			containerPortal = 284DD2311A0810BE00457DC8 /* Project object */;
			proxyType = 1;
			remoteGlobalIDString = 284DD2381A0810BE00457DC8;
			remoteInfo = MyLocations;
		};
/* End PBXContainerItemProxy section */

/* Begin PBXFileReference section */
		282762B31A0AA368000A8DB9 /* MyLocations.entitlements */ = {isa = PBXFileReference; lastKnownFileType = text.xml; path = MyLocations.entitlements; sourceTree = "<group>"; };
		282762B41A0AA38E000A8DB9 /* CloudKit.framework */ = {isa = PBXFileReference; lastKnownFileType = wrapper.framework; name = CloudKit.framework; path = System/Library/Frameworks/CloudKit.framework; sourceTree = SDKROOT; };
		283F2A991A0AE36D00DBE1E5 /* StringExtension.swift */ = {isa = PBXFileReference; fileEncoding = 4; lastKnownFileType = sourcecode.swift; path = StringExtension.swift; sourceTree = "<group>"; };
		284DD2391A0810BE00457DC8 /* MyLocations.app */ = {isa = PBXFileReference; explicitFileType = wrapper.application; includeInIndex = 0; path = MyLocations.app; sourceTree = BUILT_PRODUCTS_DIR; };
		284DD23D1A0810BE00457DC8 /* Info.plist */ = {isa = PBXFileReference; lastKnownFileType = text.plist.xml; path = Info.plist; sourceTree = "<group>"; };
		284DD23E1A0810BE00457DC8 /* AppDelegate.swift */ = {isa = PBXFileReference; lastKnownFileType = sourcecode.swift; path = AppDelegate.swift; sourceTree = "<group>"; };
		284DD2411A0810BE00457DC8 /* MyLocations.xcdatamodel */ = {isa = PBXFileReference; lastKnownFileType = wrapper.xcdatamodel; path = MyLocations.xcdatamodel; sourceTree = "<group>"; };
		284DD2461A0810BE00457DC8 /* Base */ = {isa = PBXFileReference; lastKnownFileType = file.storyboard; name = Base; path = Base.lproj/Main.storyboard; sourceTree = "<group>"; };
		284DD2481A0810BE00457DC8 /* Images.xcassets */ = {isa = PBXFileReference; lastKnownFileType = folder.assetcatalog; path = Images.xcassets; sourceTree = "<group>"; };
		284DD24B1A0810BE00457DC8 /* Base */ = {isa = PBXFileReference; lastKnownFileType = file.xib; name = Base; path = Base.lproj/LaunchScreen.xib; sourceTree = "<group>"; };
		284DD2511A0810BE00457DC8 /* MyLocationsTests.xctest */ = {isa = PBXFileReference; explicitFileType = wrapper.cfbundle; includeInIndex = 0; path = MyLocationsTests.xctest; sourceTree = BUILT_PRODUCTS_DIR; };
		284DD2561A0810BE00457DC8 /* Info.plist */ = {isa = PBXFileReference; lastKnownFileType = text.plist.xml; path = Info.plist; sourceTree = "<group>"; };
		284DD2571A0810BE00457DC8 /* MyLocationsTests.swift */ = {isa = PBXFileReference; lastKnownFileType = sourcecode.swift; path = MyLocationsTests.swift; sourceTree = "<group>"; };
		284DD2611A08110600457DC8 /* MapKit.framework */ = {isa = PBXFileReference; lastKnownFileType = wrapper.framework; name = MapKit.framework; path = System/Library/Frameworks/MapKit.framework; sourceTree = SDKROOT; };
		284DD2631A08112100457DC8 /* MapViewController.swift */ = {isa = PBXFileReference; fileEncoding = 4; lastKnownFileType = sourcecode.swift; path = MapViewController.swift; sourceTree = "<group>"; };
		284DD2651A08113000457DC8 /* LocationListViewController.swift */ = {isa = PBXFileReference; fileEncoding = 4; lastKnownFileType = sourcecode.swift; path = LocationListViewController.swift; sourceTree = "<group>"; };
		284DD2671A081C2800457DC8 /* LocationDetailViewController.swift */ = {isa = PBXFileReference; fileEncoding = 4; lastKnownFileType = sourcecode.swift; path = LocationDetailViewController.swift; sourceTree = "<group>"; };
		289AC2691A0D2D8F003AB3A6 /* LocationPresentationViewController.swift */ = {isa = PBXFileReference; fileEncoding = 4; lastKnownFileType = sourcecode.swift; path = LocationPresentationViewController.swift; sourceTree = "<group>"; };
		28C2AA241A0981F700C5EDAF /* Reminder.swift */ = {isa = PBXFileReference; fileEncoding = 4; lastKnownFileType = sourcecode.swift; path = Reminder.swift; sourceTree = "<group>"; };
/* End PBXFileReference section */

/* Begin PBXFrameworksBuildPhase section */
		284DD2361A0810BE00457DC8 /* Frameworks */ = {
			isa = PBXFrameworksBuildPhase;
			buildActionMask = 2147483647;
			files = (
				284DD2621A08110600457DC8 /* MapKit.framework in Frameworks */,
				282762B51A0AA38E000A8DB9 /* CloudKit.framework in Frameworks */,
			);
			runOnlyForDeploymentPostprocessing = 0;
		};
		284DD24E1A0810BE00457DC8 /* Frameworks */ = {
			isa = PBXFrameworksBuildPhase;
			buildActionMask = 2147483647;
			files = (
			);
			runOnlyForDeploymentPostprocessing = 0;
		};
/* End PBXFrameworksBuildPhase section */

/* Begin PBXGroup section */
		284DD2301A0810BE00457DC8 = {
			isa = PBXGroup;
			children = (
				282762B41A0AA38E000A8DB9 /* CloudKit.framework */,
				284DD2611A08110600457DC8 /* MapKit.framework */,
				284DD23B1A0810BE00457DC8 /* MyLocations */,
				284DD2541A0810BE00457DC8 /* MyLocationsTests */,
				284DD23A1A0810BE00457DC8 /* Products */,
			);
			sourceTree = "<group>";
		};
		284DD23A1A0810BE00457DC8 /* Products */ = {
			isa = PBXGroup;
			children = (
				284DD2391A0810BE00457DC8 /* MyLocations.app */,
				284DD2511A0810BE00457DC8 /* MyLocationsTests.xctest */,
			);
			name = Products;
			sourceTree = "<group>";
		};
		284DD23B1A0810BE00457DC8 /* MyLocations */ = {
			isa = PBXGroup;
			children = (
				282762B31A0AA368000A8DB9 /* MyLocations.entitlements */,
				284DD23E1A0810BE00457DC8 /* AppDelegate.swift */,
				284DD2631A08112100457DC8 /* MapViewController.swift */,
				284DD2671A081C2800457DC8 /* LocationDetailViewController.swift */,
				284DD2651A08113000457DC8 /* LocationListViewController.swift */,
				289AC2691A0D2D8F003AB3A6 /* LocationPresentationViewController.swift */,
				284DD2451A0810BE00457DC8 /* Main.storyboard */,
				284DD2481A0810BE00457DC8 /* Images.xcassets */,
				284DD24A1A0810BE00457DC8 /* LaunchScreen.xib */,
				284DD2401A0810BE00457DC8 /* MyLocations.xcdatamodeld */,
				28C2AA241A0981F700C5EDAF /* Reminder.swift */,
				284DD23C1A0810BE00457DC8 /* Supporting Files */,
			);
			path = MyLocations;
			sourceTree = "<group>";
		};
		284DD23C1A0810BE00457DC8 /* Supporting Files */ = {
			isa = PBXGroup;
			children = (
				284DD23D1A0810BE00457DC8 /* Info.plist */,
				283F2A991A0AE36D00DBE1E5 /* StringExtension.swift */,
			);
			name = "Supporting Files";
			sourceTree = "<group>";
		};
		284DD2541A0810BE00457DC8 /* MyLocationsTests */ = {
			isa = PBXGroup;
			children = (
				284DD2571A0810BE00457DC8 /* MyLocationsTests.swift */,
				284DD2551A0810BE00457DC8 /* Supporting Files */,
			);
			path = MyLocationsTests;
			sourceTree = "<group>";
		};
		284DD2551A0810BE00457DC8 /* Supporting Files */ = {
			isa = PBXGroup;
			children = (
				284DD2561A0810BE00457DC8 /* Info.plist */,
			);
			name = "Supporting Files";
			sourceTree = "<group>";
		};
/* End PBXGroup section */

/* Begin PBXNativeTarget section */
		284DD2381A0810BE00457DC8 /* MyLocations */ = {
			isa = PBXNativeTarget;
			buildConfigurationList = 284DD25B1A0810BE00457DC8 /* Build configuration list for PBXNativeTarget "MyLocations" */;
			buildPhases = (
				284DD2351A0810BE00457DC8 /* Sources */,
				284DD2361A0810BE00457DC8 /* Frameworks */,
				284DD2371A0810BE00457DC8 /* Resources */,
			);
			buildRules = (
			);
			dependencies = (
			);
			name = MyLocations;
			productName = MyLocations;
			productReference = 284DD2391A0810BE00457DC8 /* MyLocations.app */;
			productType = "com.apple.product-type.application";
		};
		284DD2501A0810BE00457DC8 /* MyLocationsTests */ = {
			isa = PBXNativeTarget;
			buildConfigurationList = 284DD25E1A0810BE00457DC8 /* Build configuration list for PBXNativeTarget "MyLocationsTests" */;
			buildPhases = (
				284DD24D1A0810BE00457DC8 /* Sources */,
				284DD24E1A0810BE00457DC8 /* Frameworks */,
				284DD24F1A0810BE00457DC8 /* Resources */,
			);
			buildRules = (
			);
			dependencies = (
				284DD2531A0810BE00457DC8 /* PBXTargetDependency */,
			);
			name = MyLocationsTests;
			productName = MyLocationsTests;
			productReference = 284DD2511A0810BE00457DC8 /* MyLocationsTests.xctest */;
			productType = "com.apple.product-type.bundle.unit-test";
		};
/* End PBXNativeTarget section */

/* Begin PBXProject section */
		284DD2311A0810BE00457DC8 /* Project object */ = {
			isa = PBXProject;
			attributes = {
				LastUpgradeCheck = 0610;
				ORGANIZATIONNAME = "Reid Weber";
				TargetAttributes = {
					284DD2381A0810BE00457DC8 = {
						CreatedOnToolsVersion = 6.1;
						DevelopmentTeam = WHKMH85L4X;
						SystemCapabilities = {
							com.apple.Maps.iOS = {
								enabled = 1;
							};
							com.apple.iCloud = {
								enabled = 1;
							};
						};
					};
					284DD2501A0810BE00457DC8 = {
						CreatedOnToolsVersion = 6.1;
						TestTargetID = 284DD2381A0810BE00457DC8;
					};
				};
			};
			buildConfigurationList = 284DD2341A0810BE00457DC8 /* Build configuration list for PBXProject "MyLocations" */;
			compatibilityVersion = "Xcode 3.2";
			developmentRegion = English;
			hasScannedForEncodings = 0;
			knownRegions = (
				en,
				Base,
			);
			mainGroup = 284DD2301A0810BE00457DC8;
			productRefGroup = 284DD23A1A0810BE00457DC8 /* Products */;
			projectDirPath = "";
			projectRoot = "";
			targets = (
				284DD2381A0810BE00457DC8 /* MyLocations */,
				284DD2501A0810BE00457DC8 /* MyLocationsTests */,
			);
		};
/* End PBXProject section */

/* Begin PBXResourcesBuildPhase section */
		284DD2371A0810BE00457DC8 /* Resources */ = {
			isa = PBXResourcesBuildPhase;
			buildActionMask = 2147483647;
			files = (
				284DD2471A0810BE00457DC8 /* Main.storyboard in Resources */,
				284DD24C1A0810BE00457DC8 /* LaunchScreen.xib in Resources */,
				284DD2491A0810BE00457DC8 /* Images.xcassets in Resources */,
			);
			runOnlyForDeploymentPostprocessing = 0;
		};
		284DD24F1A0810BE00457DC8 /* Resources */ = {
			isa = PBXResourcesBuildPhase;
			buildActionMask = 2147483647;
			files = (
			);
			runOnlyForDeploymentPostprocessing = 0;
		};
/* End PBXResourcesBuildPhase section */

/* Begin PBXSourcesBuildPhase section */
		284DD2351A0810BE00457DC8 /* Sources */ = {
			isa = PBXSourcesBuildPhase;
			buildActionMask = 2147483647;
			files = (
				284DD2421A0810BE00457DC8 /* MyLocations.xcdatamodeld in Sources */,
				283F2A9A1A0AE36D00DBE1E5 /* StringExtension.swift in Sources */,
				284DD2641A08112100457DC8 /* MapViewController.swift in Sources */,
				284DD2661A08113000457DC8 /* LocationListViewController.swift in Sources */,
				28C2AA251A0981F700C5EDAF /* Reminder.swift in Sources */,
				284DD23F1A0810BE00457DC8 /* AppDelegate.swift in Sources */,
				284DD2681A081C2800457DC8 /* LocationDetailViewController.swift in Sources */,
				289AC26A1A0D2D8F003AB3A6 /* LocationPresentationViewController.swift in Sources */,
			);
			runOnlyForDeploymentPostprocessing = 0;
		};
		284DD24D1A0810BE00457DC8 /* Sources */ = {
			isa = PBXSourcesBuildPhase;
			buildActionMask = 2147483647;
			files = (
				284DD2581A0810BE00457DC8 /* MyLocationsTests.swift in Sources */,
			);
			runOnlyForDeploymentPostprocessing = 0;
		};
/* End PBXSourcesBuildPhase section */

/* Begin PBXTargetDependency section */
		284DD2531A0810BE00457DC8 /* PBXTargetDependency */ = {
			isa = PBXTargetDependency;
			target = 284DD2381A0810BE00457DC8 /* MyLocations */;
			targetProxy = 284DD2521A0810BE00457DC8 /* PBXContainerItemProxy */;
		};
/* End PBXTargetDependency section */

/* Begin PBXVariantGroup section */
		284DD2451A0810BE00457DC8 /* Main.storyboard */ = {
			isa = PBXVariantGroup;
			children = (
				284DD2461A0810BE00457DC8 /* Base */,
			);
			name = Main.storyboard;
			sourceTree = "<group>";
		};
		284DD24A1A0810BE00457DC8 /* LaunchScreen.xib */ = {
			isa = PBXVariantGroup;
			children = (
				284DD24B1A0810BE00457DC8 /* Base */,
			);
			name = LaunchScreen.xib;
			sourceTree = "<group>";
		};
/* End PBXVariantGroup section */

/* Begin XCBuildConfiguration section */
		284DD2591A0810BE00457DC8 /* Debug */ = {
			isa = XCBuildConfiguration;
			buildSettings = {
				ALWAYS_SEARCH_USER_PATHS = NO;
				CLANG_CXX_LANGUAGE_STANDARD = "gnu++0x";
				CLANG_CXX_LIBRARY = "libc++";
				CLANG_ENABLE_MODULES = YES;
				CLANG_ENABLE_OBJC_ARC = YES;
				CLANG_WARN_BOOL_CONVERSION = YES;
				CLANG_WARN_CONSTANT_CONVERSION = YES;
				CLANG_WARN_DIRECT_OBJC_ISA_USAGE = YES_ERROR;
				CLANG_WARN_EMPTY_BODY = YES;
				CLANG_WARN_ENUM_CONVERSION = YES;
				CLANG_WARN_INT_CONVERSION = YES;
				CLANG_WARN_OBJC_ROOT_CLASS = YES_ERROR;
				CLANG_WARN_UNREACHABLE_CODE = YES;
				CLANG_WARN__DUPLICATE_METHOD_MATCH = YES;
				"CODE_SIGN_IDENTITY[sdk=iphoneos*]" = "iPhone Developer";
				COPY_PHASE_STRIP = NO;
				ENABLE_STRICT_OBJC_MSGSEND = YES;
				GCC_C_LANGUAGE_STANDARD = gnu99;
				GCC_DYNAMIC_NO_PIC = NO;
				GCC_OPTIMIZATION_LEVEL = 0;
				GCC_PREPROCESSOR_DEFINITIONS = (
					"DEBUG=1",
					"$(inherited)",
				);
				GCC_SYMBOLS_PRIVATE_EXTERN = NO;
				GCC_WARN_64_TO_32_BIT_CONVERSION = YES;
				GCC_WARN_ABOUT_RETURN_TYPE = YES_ERROR;
				GCC_WARN_UNDECLARED_SELECTOR = YES;
				GCC_WARN_UNINITIALIZED_AUTOS = YES_AGGRESSIVE;
				GCC_WARN_UNUSED_FUNCTION = YES;
				GCC_WARN_UNUSED_VARIABLE = YES;
				IPHONEOS_DEPLOYMENT_TARGET = 8.1;
				MTL_ENABLE_DEBUG_INFO = YES;
				ONLY_ACTIVE_ARCH = YES;
				SDKROOT = iphoneos;
				SWIFT_OPTIMIZATION_LEVEL = "-Onone";
				TARGETED_DEVICE_FAMILY = "1,2";
			};
			name = Debug;
		};
		284DD25A1A0810BE00457DC8 /* Release */ = {
			isa = XCBuildConfiguration;
			buildSettings = {
				ALWAYS_SEARCH_USER_PATHS = NO;
				CLANG_CXX_LANGUAGE_STANDARD = "gnu++0x";
				CLANG_CXX_LIBRARY = "libc++";
				CLANG_ENABLE_MODULES = YES;
				CLANG_ENABLE_OBJC_ARC = YES;
				CLANG_WARN_BOOL_CONVERSION = YES;
				CLANG_WARN_CONSTANT_CONVERSION = YES;
				CLANG_WARN_DIRECT_OBJC_ISA_USAGE = YES_ERROR;
				CLANG_WARN_EMPTY_BODY = YES;
				CLANG_WARN_ENUM_CONVERSION = YES;
				CLANG_WARN_INT_CONVERSION = YES;
				CLANG_WARN_OBJC_ROOT_CLASS = YES_ERROR;
				CLANG_WARN_UNREACHABLE_CODE = YES;
				CLANG_WARN__DUPLICATE_METHOD_MATCH = YES;
				"CODE_SIGN_IDENTITY[sdk=iphoneos*]" = "iPhone Developer";
				COPY_PHASE_STRIP = YES;
				ENABLE_NS_ASSERTIONS = NO;
				ENABLE_STRICT_OBJC_MSGSEND = YES;
				GCC_C_LANGUAGE_STANDARD = gnu99;
				GCC_WARN_64_TO_32_BIT_CONVERSION = YES;
				GCC_WARN_ABOUT_RETURN_TYPE = YES_ERROR;
				GCC_WARN_UNDECLARED_SELECTOR = YES;
				GCC_WARN_UNINITIALIZED_AUTOS = YES_AGGRESSIVE;
				GCC_WARN_UNUSED_FUNCTION = YES;
				GCC_WARN_UNUSED_VARIABLE = YES;
				IPHONEOS_DEPLOYMENT_TARGET = 8.1;
				MTL_ENABLE_DEBUG_INFO = NO;
				SDKROOT = iphoneos;
				TARGETED_DEVICE_FAMILY = "1,2";
				VALIDATE_PRODUCT = YES;
			};
			name = Release;
		};
		284DD25C1A0810BE00457DC8 /* Debug */ = {
			isa = XCBuildConfiguration;
			buildSettings = {
				ASSETCATALOG_COMPILER_APPICON_NAME = AppIcon;
				CLANG_ENABLE_MODULES = YES;
				CODE_SIGN_ENTITLEMENTS = MyLocations/MyLocations.entitlements;
				CODE_SIGN_IDENTITY = "iPhone Developer";
				"CODE_SIGN_IDENTITY[sdk=iphoneos*]" = "iPhone Developer";
				INFOPLIST_FILE = MyLocations/Info.plist;
				IPHONEOS_DEPLOYMENT_TARGET = 8.1;
				LD_RUNPATH_SEARCH_PATHS = "$(inherited) @executable_path/Frameworks";
				PRODUCT_NAME = "$(TARGET_NAME)";
				PROVISIONING_PROFILE = "";
				SWIFT_OBJC_BRIDGING_HEADER = "MyLocations/MyLocations-Bridging-Header.h";
				SWIFT_OPTIMIZATION_LEVEL = "-Onone";
				TARGETED_DEVICE_FAMILY = "1,2";
			};
			name = Debug;
		};
		284DD25D1A0810BE00457DC8 /* Release */ = {
			isa = XCBuildConfiguration;
			buildSettings = {
				ASSETCATALOG_COMPILER_APPICON_NAME = AppIcon;
				CLANG_ENABLE_MODULES = YES;
				CODE_SIGN_ENTITLEMENTS = MyLocations/MyLocations.entitlements;
				CODE_SIGN_IDENTITY = "iPhone Developer";
				"CODE_SIGN_IDENTITY[sdk=iphoneos*]" = "iPhone Developer";
				INFOPLIST_FILE = MyLocations/Info.plist;
				IPHONEOS_DEPLOYMENT_TARGET = 8.1;
				LD_RUNPATH_SEARCH_PATHS = "$(inherited) @executable_path/Frameworks";
				PRODUCT_NAME = "$(TARGET_NAME)";
				PROVISIONING_PROFILE = "";
				SWIFT_OBJC_BRIDGING_HEADER = "MyLocations/MyLocations-Bridging-Header.h";
				TARGETED_DEVICE_FAMILY = "1,2";
			};
			name = Release;
		};
		284DD25F1A0810BE00457DC8 /* Debug */ = {
			isa = XCBuildConfiguration;
			buildSettings = {
				BUNDLE_LOADER = "$(TEST_HOST)";
				FRAMEWORK_SEARCH_PATHS = (
					"$(SDKROOT)/Developer/Library/Frameworks",
					"$(inherited)",
				);
				GCC_PREPROCESSOR_DEFINITIONS = (
					"DEBUG=1",
					"$(inherited)",
				);
				INFOPLIST_FILE = MyLocationsTests/Info.plist;
				LD_RUNPATH_SEARCH_PATHS = "$(inherited) @executable_path/Frameworks @loader_path/Frameworks";
				PRODUCT_NAME = "$(TARGET_NAME)";
				TEST_HOST = "$(BUILT_PRODUCTS_DIR)/MyLocations.app/MyLocations";
			};
			name = Debug;
		};
		284DD2601A0810BE00457DC8 /* Release */ = {
			isa = XCBuildConfiguration;
			buildSettings = {
				BUNDLE_LOADER = "$(TEST_HOST)";
				FRAMEWORK_SEARCH_PATHS = (
					"$(SDKROOT)/Developer/Library/Frameworks",
					"$(inherited)",
				);
				INFOPLIST_FILE = MyLocationsTests/Info.plist;
				LD_RUNPATH_SEARCH_PATHS = "$(inherited) @executable_path/Frameworks @loader_path/Frameworks";
				PRODUCT_NAME = "$(TARGET_NAME)";
				TEST_HOST = "$(BUILT_PRODUCTS_DIR)/MyLocations.app/MyLocations";
			};
			name = Release;
		};
/* End XCBuildConfiguration section */

/* Begin XCConfigurationList section */
		284DD2341A0810BE00457DC8 /* Build configuration list for PBXProject "MyLocations" */ = {
			isa = XCConfigurationList;
			buildConfigurations = (
				284DD2591A0810BE00457DC8 /* Debug */,
				284DD25A1A0810BE00457DC8 /* Release */,
			);
			defaultConfigurationIsVisible = 0;
			defaultConfigurationName = Release;
		};
		284DD25B1A0810BE00457DC8 /* Build configuration list for PBXNativeTarget "MyLocations" */ = {
			isa = XCConfigurationList;
			buildConfigurations = (
				284DD25C1A0810BE00457DC8 /* Debug */,
				284DD25D1A0810BE00457DC8 /* Release */,
			);
			defaultConfigurationIsVisible = 0;
			defaultConfigurationName = Release;
		};
		284DD25E1A0810BE00457DC8 /* Build configuration list for PBXNativeTarget "MyLocationsTests" */ = {
			isa = XCConfigurationList;
			buildConfigurations = (
				284DD25F1A0810BE00457DC8 /* Debug */,
				284DD2601A0810BE00457DC8 /* Release */,
			);
			defaultConfigurationIsVisible = 0;
			defaultConfigurationName = Release;
		};
/* End XCConfigurationList section */

/* Begin XCVersionGroup section */
		284DD2401A0810BE00457DC8 /* MyLocations.xcdatamodeld */ = {
			isa = XCVersionGroup;
			children = (
				284DD2411A0810BE00457DC8 /* MyLocations.xcdatamodel */,
			);
			currentVersion = 284DD2411A0810BE00457DC8 /* MyLocations.xcdatamodel */;
			path = MyLocations.xcdatamodeld;
			sourceTree = "<group>";
			versionGroupType = wrapper.xcdatamodel;
		};
/* End XCVersionGroup section */
	};
	rootObject = 284DD2311A0810BE00457DC8 /* Project object */;
}
